
Microsoft Visual Studio Solution File, Format Version 12.00
# Visual Studio Version 16
VisualStudioVersion = 16.0.31229.75
MinimumVisualStudioVersion = 10.0.40219.1
Project("{FAE04EC0-301F-11D3-BF4B-00C04F79EFBC}") = "RainMod_HideRainMeter", "RainMod_HideRainMeter\RainMod_HideRainMeter.csproj", "{3A14070E-C203-49F5-833F-08FCD9A57F64}"
EndProject
Project("{2150E333-8FDC-42A3-9474-1A3956D46DE8}") = "Solution Items", "Solution Items", "{3FE3290E-11E7-449F-B0D4-E2922DB6438D}"
EndProject
Global
	GlobalSection(SolutionConfigurationPlatforms) = preSolution
		Debug|Any CPU = Debug|Any CPU
		Release|Any CPU = Release|Any CPU
	EndGlobalSection
	GlobalSection(ProjectConfigurationPlatforms) = postSolution
		{3A14070E-C203-49F5-833F-08FCD9A57F64}.Debug|Any CPU.ActiveCfg = Debug|Any CPU
		{3A14070E-C203-49F5-833F-08FCD9A57F64}.Debug|Any CPU.Build.0 = Debug|Any CPU
		{3A14070E-C203-49F5-833F-08FCD9A57F64}.Release|Any CPU.ActiveCfg = Release|Any CPU
		{3A14070E-C203-49F5-833F-08FCD9A57F64}.Release|Any CPU.Build.0 = Release|Any CPU
	EndGlobalSection
	GlobalSection(SolutionProperties) = preSolution
		HideSolutionNode = FALSE
	EndGlobalSection
	GlobalSection(ExtensibilityGlobals) = postSolution
		SolutionGuid = {D10A57F0-2174-4255-9352-887F93D284E1}
	EndGlobalSection
EndGlobal
